
Microsoft Visual Studio Solution File, Format Version 12.00
# Visual Studio Version 16
VisualStudioVersion = 16.0.30503.244
MinimumVisualStudioVersion = 10.0.40219.1
Project("{FAE04EC0-301F-11D3-BF4B-00C04F79EFBC}") = "PasswordManagerMobile.Android", "PasswordManagerMobile\PasswordManagerMobile.Android\PasswordManagerMobile.Android.csproj", "{347F335F-D047-41AF-B6C6-AEB21084FEBB}"
EndProject
Project("{FAE04EC0-301F-11D3-BF4B-00C04F79EFBC}") = "PasswordManagerMobile", "PasswordManagerMobile\PasswordManagerMobile\PasswordManagerMobile.csproj", "{5F622E68-B7CD-4E29-948E-CE85F1A9A964}"
EndProject
Global
	GlobalSection(SolutionConfigurationPlatforms) = preSolution
		Debug|Any CPU = Debug|Any CPU
		Release|Any CPU = Release|Any CPU
	EndGlobalSection
	GlobalSection(ProjectConfigurationPlatforms) = postSolution
		{347F335F-D047-41AF-B6C6-AEB21084FEBB}.Debug|Any CPU.ActiveCfg = Debug|Any CPU
		{347F335F-D047-41AF-B6C6-AEB21084FEBB}.Debug|Any CPU.Build.0 = Debug|Any CPU
		{347F335F-D047-41AF-B6C6-AEB21084FEBB}.Debug|Any CPU.Deploy.0 = Debug|Any CPU
		{347F335F-D047-41AF-B6C6-AEB21084FEBB}.Release|Any CPU.ActiveCfg = Release|Any CPU
		{347F335F-D047-41AF-B6C6-AEB21084FEBB}.Release|Any CPU.Build.0 = Release|Any CPU
		{347F335F-D047-41AF-B6C6-AEB21084FEBB}.Release|Any CPU.Deploy.0 = Release|Any CPU
		{5F622E68-B7CD-4E29-948E-CE85F1A9A964}.Debug|Any CPU.ActiveCfg = Debug|Any CPU
		{5F622E68-B7CD-4E29-948E-CE85F1A9A964}.Debug|Any CPU.Build.0 = Debug|Any CPU
		{5F622E68-B7CD-4E29-948E-CE85F1A9A964}.Debug|Any CPU.Deploy.0 = Debug|Any CPU
		{5F622E68-B7CD-4E29-948E-CE85F1A9A964}.Release|Any CPU.ActiveCfg = Release|Any CPU
		{5F622E68-B7CD-4E29-948E-CE85F1A9A964}.Release|Any CPU.Build.0 = Release|Any CPU
		{5F622E68-B7CD-4E29-948E-CE85F1A9A964}.Release|Any CPU.Deploy.0 = Release|Any CPU
	EndGlobalSection
	GlobalSection(SolutionProperties) = preSolution
		HideSolutionNode = FALSE
	EndGlobalSection
	GlobalSection(ExtensibilityGlobals) = postSolution
		SolutionGuid = {40875787-93AD-4085-BA2F-A62BB6A1846F}
	EndGlobalSection
EndGlobal
